
Microsoft Visual Studio Solution File, Format Version 12.00
# Visual Studio Version 16
VisualStudioVersion = 16.0.31105.61
MinimumVisualStudioVersion = 10.0.40219.1
Project("{FAE04EC0-301F-11D3-BF4B-00C04F79EFBC}") = "BaiTapLonWeb", "BaiTapLonWeb\BaiTapLonWeb.csproj", "{83F05EDC-181C-4EC2-A7FC-E95637E28075}"
EndProject
Global
	GlobalSection(SolutionConfigurationPlatforms) = preSolution
		Debug|Any CPU = Debug|Any CPU
		Release|Any CPU = Release|Any CPU
	EndGlobalSection
	GlobalSection(ProjectConfigurationPlatforms) = postSolution
		{83F05EDC-181C-4EC2-A7FC-E95637E28075}.Debug|Any CPU.ActiveCfg = Debug|Any CPU
		{83F05EDC-181C-4EC2-A7FC-E95637E28075}.Debug|Any CPU.Build.0 = Debug|Any CPU
		{83F05EDC-181C-4EC2-A7FC-E95637E28075}.Release|Any CPU.ActiveCfg = Release|Any CPU
		{83F05EDC-181C-4EC2-A7FC-E95637E28075}.Release|Any CPU.Build.0 = Release|Any CPU
	EndGlobalSection
	GlobalSection(SolutionProperties) = preSolution
		HideSolutionNode = FALSE
	EndGlobalSection
	GlobalSection(ExtensibilityGlobals) = postSolution
		SolutionGuid = {11945F87-FD1A-42B4-9023-382EBB0A78CF}
	EndGlobalSection
EndGlobal
